
Microsoft Visual Studio Solution File, Format Version 12.00
# Visual Studio 2012
Project("{F2A71F9B-5D33-465A-A702-920D77279786}") = "GrepLib", "GrepLib\GrepLib.fsproj", "{53A198D8-D5F3-4E45-A5E3-759009DEF74B}"
EndProject
Project("{F2A71F9B-5D33-465A-A702-920D77279786}") = "GrepLibTests", "GrepLibTests\GrepLibTests.fsproj", "{7BF7C3F8-87BA-4A90-9E32-3C7590093493}"
EndProject
Project("{2150E333-8FDC-42A3-9474-1A3956D46DE8}") = "SQL", "SQL", "{3D41C9D2-05D9-4D1F-92CD-FF315DDA5769}"
	ProjectSection(SolutionItems) = preProject
		SQL\configure database.sql = SQL\configure database.sql
		SQL\create sprocs.sql = SQL\create sprocs.sql
		SQL\examples.sql = SQL\examples.sql
	EndProjectSection
EndProject
Global
	GlobalSection(SolutionConfigurationPlatforms) = preSolution
		Debug|Any CPU = Debug|Any CPU
		InProcess|Any CPU = InProcess|Any CPU
		Release|Any CPU = Release|Any CPU
	EndGlobalSection
	GlobalSection(ProjectConfigurationPlatforms) = postSolution
		{53A198D8-D5F3-4E45-A5E3-759009DEF74B}.Debug|Any CPU.ActiveCfg = Debug|Any CPU
		{53A198D8-D5F3-4E45-A5E3-759009DEF74B}.Debug|Any CPU.Build.0 = Debug|Any CPU
		{53A198D8-D5F3-4E45-A5E3-759009DEF74B}.InProcess|Any CPU.ActiveCfg = Release|Any CPU
		{53A198D8-D5F3-4E45-A5E3-759009DEF74B}.InProcess|Any CPU.Build.0 = Release|Any CPU
		{53A198D8-D5F3-4E45-A5E3-759009DEF74B}.Release|Any CPU.ActiveCfg = Release|Any CPU
		{53A198D8-D5F3-4E45-A5E3-759009DEF74B}.Release|Any CPU.Build.0 = Release|Any CPU
		{7BF7C3F8-87BA-4A90-9E32-3C7590093493}.Debug|Any CPU.ActiveCfg = Debug|Any CPU
		{7BF7C3F8-87BA-4A90-9E32-3C7590093493}.Debug|Any CPU.Build.0 = Debug|Any CPU
		{7BF7C3F8-87BA-4A90-9E32-3C7590093493}.InProcess|Any CPU.ActiveCfg = Release|Any CPU
		{7BF7C3F8-87BA-4A90-9E32-3C7590093493}.InProcess|Any CPU.Build.0 = Release|Any CPU
		{7BF7C3F8-87BA-4A90-9E32-3C7590093493}.Release|Any CPU.ActiveCfg = Release|Any CPU
		{7BF7C3F8-87BA-4A90-9E32-3C7590093493}.Release|Any CPU.Build.0 = Release|Any CPU
	EndGlobalSection
	GlobalSection(SolutionProperties) = preSolution
		HideSolutionNode = FALSE
	EndGlobalSection
EndGlobal
